// !$*UTF8*$!
{
	archiveVersion = 1;
	classes = {
	};
	objectVersion = 55;
	objects = {

/* Begin PBXBuildFile section */
		816ECE83289EAD410058DC07 /* CircleGrpupView.swift in Sources */ = {isa = PBXBuildFile; fileRef = 816ECE82289EAD410058DC07 /* CircleGrpupView.swift */; };
		816ECE85289EFE5B0058DC07 /* AudioPlayer.swift in Sources */ = {isa = PBXBuildFile; fileRef = 816ECE84289EFE5B0058DC07 /* AudioPlayer.swift */; };
		81D4DE392897AB1B0047522A /* RestartApp.swift in Sources */ = {isa = PBXBuildFile; fileRef = 81D4DE382897AB1B0047522A /* RestartApp.swift */; };
		81D4DE3B2897AB1B0047522A /* ContentView.swift in Sources */ = {isa = PBXBuildFile; fileRef = 81D4DE3A2897AB1B0047522A /* ContentView.swift */; };
		81D4DE3D2897AB1D0047522A /* Assets.xcassets in Resources */ = {isa = PBXBuildFile; fileRef = 81D4DE3C2897AB1D0047522A /* Assets.xcassets */; };
		81D4DE402897AB1D0047522A /* Preview Assets.xcassets in Resources */ = {isa = PBXBuildFile; fileRef = 81D4DE3F2897AB1D0047522A /* Preview Assets.xcassets */; };
		81D4DE482897AF9A0047522A /* chimeup.mp3 in Resources */ = {isa = PBXBuildFile; fileRef = 81D4DE462897AF9A0047522A /* chimeup.mp3 */; };
		81D4DE492897AF9A0047522A /* success.m4a in Resources */ = {isa = PBXBuildFile; fileRef = 81D4DE472897AF9A0047522A /* success.m4a */; };
		81D4DE5028981EE20047522A /* OnboardinView.swift in Sources */ = {isa = PBXBuildFile; fileRef = 81D4DE4F28981EE20047522A /* OnboardinView.swift */; };
		81D4DE5228981F000047522A /* HomeView.swift in Sources */ = {isa = PBXBuildFile; fileRef = 81D4DE5128981F000047522A /* HomeView.swift */; };
/* End PBXBuildFile section */

/* Begin PBXFileReference section */
		816ECE82289EAD410058DC07 /* CircleGrpupView.swift */ = {isa = PBXFileReference; lastKnownFileType = sourcecode.swift; path = CircleGrpupView.swift; sourceTree = "<group>"; };
		816ECE84289EFE5B0058DC07 /* AudioPlayer.swift */ = {isa = PBXFileReference; lastKnownFileType = sourcecode.swift; path = AudioPlayer.swift; sourceTree = "<group>"; };
		81D4DE352897AB1B0047522A /* Restart.app */ = {isa = PBXFileReference; explicitFileType = wrapper.application; includeInIndex = 0; path = Restart.app; sourceTree = BUILT_PRODUCTS_DIR; };
		81D4DE382897AB1B0047522A /* RestartApp.swift */ = {isa = PBXFileReference; lastKnownFileType = sourcecode.swift; path = RestartApp.swift; sourceTree = "<group>"; };
		81D4DE3A2897AB1B0047522A /* ContentView.swift */ = {isa = PBXFileReference; lastKnownFileType = sourcecode.swift; path = ContentView.swift; sourceTree = "<group>"; };
		81D4DE3C2897AB1D0047522A /* Assets.xcassets */ = {isa = PBXFileReference; lastKnownFileType = folder.assetcatalog; path = Assets.xcassets; sourceTree = "<group>"; };
		81D4DE3F2897AB1D0047522A /* Preview Assets.xcassets */ = {isa = PBXFileReference; lastKnownFileType = folder.assetcatalog; path = "Preview Assets.xcassets"; sourceTree = "<group>"; };
		81D4DE462897AF9A0047522A /* chimeup.mp3 */ = {isa = PBXFileReference; lastKnownFileType = audio.mp3; path = chimeup.mp3; sourceTree = "<group>"; };
		81D4DE472897AF9A0047522A /* success.m4a */ = {isa = PBXFileReference; lastKnownFileType = file; path = success.m4a; sourceTree = "<group>"; };
		81D4DE4E28981E190047522A /* Info.plist */ = {isa = PBXFileReference; lastKnownFileType = text.plist; path = Info.plist; sourceTree = "<group>"; };
		81D4DE4F28981EE20047522A /* OnboardinView.swift */ = {isa = PBXFileReference; lastKnownFileType = sourcecode.swift; path = OnboardinView.swift; sourceTree = "<group>"; };
		81D4DE5128981F000047522A /* HomeView.swift */ = {isa = PBXFileReference; lastKnownFileType = sourcecode.swift; path = HomeView.swift; sourceTree = "<group>"; };
/* End PBXFileReference section */

/* Begin PBXFrameworksBuildPhase section */
		81D4DE322897AB1B0047522A /* Frameworks */ = {
			isa = PBXFrameworksBuildPhase;
			buildActionMask = 2147483647;
			files = (
			);
			runOnlyForDeploymentPostprocessing = 0;
		};
/* End PBXFrameworksBuildPhase section */

/* Begin PBXGroup section */
		81D4DE2C2897AB1B0047522A = {
			isa = PBXGroup;
			children = (
				81D4DE372897AB1B0047522A /* Restart */,
				81D4DE362897AB1B0047522A /* Products */,
			);
			sourceTree = "<group>";
		};
		81D4DE362897AB1B0047522A /* Products */ = {
			isa = PBXGroup;
			children = (
				81D4DE352897AB1B0047522A /* Restart.app */,
			);
			name = Products;
			sourceTree = "<group>";
		};
		81D4DE372897AB1B0047522A /* Restart */ = {
			isa = PBXGroup;
			children = (
				81D4DE4E28981E190047522A /* Info.plist */,
				81D4DE4D28980F760047522A /* Utilities */,
				81D4DE4C28980F4A0047522A /* Views */,
				81D4DE4A2897AFF60047522A /* Sounds */,
				81D4DE4B28980F200047522A /* Screens */,
				81D4DE382897AB1B0047522A /* RestartApp.swift */,
				81D4DE3C2897AB1D0047522A /* Assets.xcassets */,
				81D4DE3E2897AB1D0047522A /* Preview Content */,
			);
			path = Restart;
			sourceTree = "<group>";
		};
		81D4DE3E2897AB1D0047522A /* Preview Content */ = {
			isa = PBXGroup;
			children = (
				81D4DE3F2897AB1D0047522A /* Preview Assets.xcassets */,
			);
			path = "Preview Content";
			sourceTree = "<group>";
		};
		81D4DE4A2897AFF60047522A /* Sounds */ = {
			isa = PBXGroup;
			children = (
				81D4DE462897AF9A0047522A /* chimeup.mp3 */,
				81D4DE472897AF9A0047522A /* success.m4a */,
			);
			path = Sounds;
			sourceTree = "<group>";
		};
		81D4DE4B28980F200047522A /* Screens */ = {
			isa = PBXGroup;
			children = (
				81D4DE3A2897AB1B0047522A /* ContentView.swift */,
				81D4DE4F28981EE20047522A /* OnboardinView.swift */,
				81D4DE5128981F000047522A /* HomeView.swift */,
			);
			path = Screens;
			sourceTree = "<group>";
		};
		81D4DE4C28980F4A0047522A /* Views */ = {
			isa = PBXGroup;
			children = (
				816ECE82289EAD410058DC07 /* CircleGrpupView.swift */,
			);
			path = Views;
			sourceTree = "<group>";
		};
		81D4DE4D28980F760047522A /* Utilities */ = {
			isa = PBXGroup;
			children = (
				816ECE84289EFE5B0058DC07 /* AudioPlayer.swift */,
			);
			path = Utilities;
			sourceTree = "<group>";
		};
/* End PBXGroup section */

/* Begin PBXNativeTarget section */
		81D4DE342897AB1B0047522A /* Restart */ = {
			isa = PBXNativeTarget;
			buildConfigurationList = 81D4DE432897AB1D0047522A /* Build configuration list for PBXNativeTarget "Restart" */;
			buildPhases = (
				81D4DE312897AB1B0047522A /* Sources */,
				81D4DE322897AB1B0047522A /* Frameworks */,
				81D4DE332897AB1B0047522A /* Resources */,
			);
			buildRules = (
			);
			dependencies = (
			);
			name = Restart;
			productName = Restart;
			productReference = 81D4DE352897AB1B0047522A /* Restart.app */;
			productType = "com.apple.product-type.application";
		};
/* End PBXNativeTarget section */

/* Begin PBXProject section */
		81D4DE2D2897AB1B0047522A /* Project object */ = {
			isa = PBXProject;
			attributes = {
				BuildIndependentTargetsInParallel = 1;
				LastSwiftUpdateCheck = 1340;
				LastUpgradeCheck = 1340;
				TargetAttributes = {
					81D4DE342897AB1B0047522A = {
						CreatedOnToolsVersion = 13.4.1;
					};
				};
			};
			buildConfigurationList = 81D4DE302897AB1B0047522A /* Build configuration list for PBXProject "Restart" */;
			compatibilityVersion = "Xcode 13.0";
			developmentRegion = en;
			hasScannedForEncodings = 0;
			knownRegions = (
				en,
				Base,
			);
			mainGroup = 81D4DE2C2897AB1B0047522A;
			productRefGroup = 81D4DE362897AB1B0047522A /* Products */;
			projectDirPath = "";
			projectRoot = "";
			targets = (
				81D4DE342897AB1B0047522A /* Restart */,
			);
		};
/* End PBXProject section */

/* Begin PBXResourcesBuildPhase section */
		81D4DE332897AB1B0047522A /* Resources */ = {
			isa = PBXResourcesBuildPhase;
			buildActionMask = 2147483647;
			files = (
				81D4DE492897AF9A0047522A /* success.m4a in Resources */,
				81D4DE482897AF9A0047522A /* chimeup.mp3 in Resources */,
				81D4DE402897AB1D0047522A /* Preview Assets.xcassets in Resources */,
				81D4DE3D2897AB1D0047522A /* Assets.xcassets in Resources */,
			);
			runOnlyForDeploymentPostprocessing = 0;
		};
/* End PBXResourcesBuildPhase section */

/* Begin PBXSourcesBuildPhase section */
		81D4DE312897AB1B0047522A /* Sources */ = {
			isa = PBXSourcesBuildPhase;
			buildActionMask = 2147483647;
			files = (
				81D4DE3B2897AB1B0047522A /* ContentView.swift in Sources */,
				81D4DE5228981F000047522A /* HomeView.swift in Sources */,
				81D4DE5028981EE20047522A /* OnboardinView.swift in Sources */,
				816ECE83289EAD410058DC07 /* CircleGrpupView.swift in Sources */,
				81D4DE392897AB1B0047522A /* RestartApp.swift in Sources */,
				816ECE85289EFE5B0058DC07 /* AudioPlayer.swift in Sources */,
			);
			runOnlyForDeploymentPostprocessing = 0;
		};
/* End PBXSourcesBuildPhase section */

/* Begin XCBuildConfiguration section */
		81D4DE412897AB1D0047522A /* Debug */ = {
			isa = XCBuildConfiguration;
			buildSettings = {
				ALWAYS_SEARCH_USER_PATHS = NO;
				CLANG_ANALYZER_NONNULL = YES;
				CLANG_ANALYZER_NUMBER_OBJECT_CONVERSION = YES_AGGRESSIVE;
				CLANG_CXX_LANGUAGE_STANDARD = "gnu++17";
				CLANG_ENABLE_MODULES = YES;
				CLANG_ENABLE_OBJC_ARC = YES;
				CLANG_ENABLE_OBJC_WEAK = YES;
				CLANG_WARN_BLOCK_CAPTURE_AUTORELEASING = YES;
				CLANG_WARN_BOOL_CONVERSION = YES;
				CLANG_WARN_COMMA = YES;
				CLANG_WARN_CONSTANT_CONVERSION = YES;
				CLANG_WARN_DEPRECATED_OBJC_IMPLEMENTATIONS = YES;
				CLANG_WARN_DIRECT_OBJC_ISA_USAGE = YES_ERROR;
				CLANG_WARN_DOCUMENTATION_COMMENTS = YES;
				CLANG_WARN_EMPTY_BODY = YES;
				CLANG_WARN_ENUM_CONVERSION = YES;
				CLANG_WARN_INFINITE_RECURSION = YES;
				CLANG_WARN_INT_CONVERSION = YES;
				CLANG_WARN_NON_LITERAL_NULL_CONVERSION = YES;
				CLANG_WARN_OBJC_IMPLICIT_RETAIN_SELF = YES;
				CLANG_WARN_OBJC_LITERAL_CONVERSION = YES;
				CLANG_WARN_OBJC_ROOT_CLASS = YES_ERROR;
				CLANG_WARN_QUOTED_INCLUDE_IN_FRAMEWORK_HEADER = YES;
				CLANG_WARN_RANGE_LOOP_ANALYSIS = YES;
				CLANG_WARN_STRICT_PROTOTYPES = YES;
				CLANG_WARN_SUSPICIOUS_MOVE = YES;
				CLANG_WARN_UNGUARDED_AVAILABILITY = YES_AGGRESSIVE;
				CLANG_WARN_UNREACHABLE_CODE = YES;
				CLANG_WARN__DUPLICATE_METHOD_MATCH = YES;
				COPY_PHASE_STRIP = NO;
				DEBUG_INFORMATION_FORMAT = dwarf;
				ENABLE_STRICT_OBJC_MSGSEND = YES;
				ENABLE_TESTABILITY = YES;
				GCC_C_LANGUAGE_STANDARD = gnu11;
				GCC_DYNAMIC_NO_PIC = NO;
				GCC_NO_COMMON_BLOCKS = YES;
				GCC_OPTIMIZATION_LEVEL = 0;
				GCC_PREPROCESSOR_DEFINITIONS = (
					"DEBUG=1",
					"$(inherited)",
				);
				GCC_WARN_64_TO_32_BIT_CONVERSION = YES;
				GCC_WARN_ABOUT_RETURN_TYPE = YES_ERROR;
				GCC_WARN_UNDECLARED_SELECTOR = YES;
				GCC_WARN_UNINITIALIZED_AUTOS = YES_AGGRESSIVE;
				GCC_WARN_UNUSED_FUNCTION = YES;
				GCC_WARN_UNUSED_VARIABLE = YES;
				IPHONEOS_DEPLOYMENT_TARGET = 15.5;
				MTL_ENABLE_DEBUG_INFO = INCLUDE_SOURCE;
				MTL_FAST_MATH = YES;
				ONLY_ACTIVE_ARCH = YES;
				SDKROOT = iphoneos;
				SWIFT_ACTIVE_COMPILATION_CONDITIONS = DEBUG;
				SWIFT_OPTIMIZATION_LEVEL = "-Onone";
			};
			name = Debug;
		};
		81D4DE422897AB1D0047522A /* Release */ = {
			isa = XCBuildConfiguration;
			buildSettings = {
				ALWAYS_SEARCH_USER_PATHS = NO;
				CLANG_ANALYZER_NONNULL = YES;
				CLANG_ANALYZER_NUMBER_OBJECT_CONVERSION = YES_AGGRESSIVE;
				CLANG_CXX_LANGUAGE_STANDARD = "gnu++17";
				CLANG_ENABLE_MODULES = YES;
				CLANG_ENABLE_OBJC_ARC = YES;
				CLANG_ENABLE_OBJC_WEAK = YES;
				CLANG_WARN_BLOCK_CAPTURE_AUTORELEASING = YES;
				CLANG_WARN_BOOL_CONVERSION = YES;
				CLANG_WARN_COMMA = YES;
				CLANG_WARN_CONSTANT_CONVERSION = YES;
				CLANG_WARN_DEPRECATED_OBJC_IMPLEMENTATIONS = YES;
				CLANG_WARN_DIRECT_OBJC_ISA_USAGE = YES_ERROR;
				CLANG_WARN_DOCUMENTATION_COMMENTS = YES;
				CLANG_WARN_EMPTY_BODY = YES;
				CLANG_WARN_ENUM_CONVERSION = YES;
				CLANG_WARN_INFINITE_RECURSION = YES;
				CLANG_WARN_INT_CONVERSION = YES;
				CLANG_WARN_NON_LITERAL_NULL_CONVERSION = YES;
				CLANG_WARN_OBJC_IMPLICIT_RETAIN_SELF = YES;
				CLANG_WARN_OBJC_LITERAL_CONVERSION = YES;
				CLANG_WARN_OBJC_ROOT_CLASS = YES_ERROR;
				CLANG_WARN_QUOTED_INCLUDE_IN_FRAMEWORK_HEADER = YES;
				CLANG_WARN_RANGE_LOOP_ANALYSIS = YES;
				CLANG_WARN_STRICT_PROTOTYPES = YES;
				CLANG_WARN_SUSPICIOUS_MOVE = YES;
				CLANG_WARN_UNGUARDED_AVAILABILITY = YES_AGGRESSIVE;
				CLANG_WARN_UNREACHABLE_CODE = YES;
				CLANG_WARN__DUPLICATE_METHOD_MATCH = YES;
				COPY_PHASE_STRIP = NO;
				DEBUG_INFORMATION_FORMAT = "dwarf-with-dsym";
				ENABLE_NS_ASSERTIONS = NO;
				ENABLE_STRICT_OBJC_MSGSEND = YES;
				GCC_C_LANGUAGE_STANDARD = gnu11;
				GCC_NO_COMMON_BLOCKS = YES;
				GCC_WARN_64_TO_32_BIT_CONVERSION = YES;
				GCC_WARN_ABOUT_RETURN_TYPE = YES_ERROR;
				GCC_WARN_UNDECLARED_SELECTOR = YES;
				GCC_WARN_UNINITIALIZED_AUTOS = YES_AGGRESSIVE;
				GCC_WARN_UNUSED_FUNCTION = YES;
				GCC_WARN_UNUSED_VARIABLE = YES;
				IPHONEOS_DEPLOYMENT_TARGET = 15.5;
				MTL_ENABLE_DEBUG_INFO = NO;
				MTL_FAST_MATH = YES;
				SDKROOT = iphoneos;
				SWIFT_COMPILATION_MODE = wholemodule;
				SWIFT_OPTIMIZATION_LEVEL = "-O";
				VALIDATE_PRODUCT = YES;
			};
			name = Release;
		};
		81D4DE442897AB1D0047522A /* Debug */ = {
			isa = XCBuildConfiguration;
			buildSettings = {
				ASSETCATALOG_COMPILER_APPICON_NAME = AppIcon;
				ASSETCATALOG_COMPILER_GLOBAL_ACCENT_COLOR_NAME = AccentColor;
				CODE_SIGN_STYLE = Automatic;
				CURRENT_PROJECT_VERSION = 1;
				DEVELOPMENT_ASSET_PATHS = "\"Restart/Preview Content\"";
				DEVELOPMENT_TEAM = P3938J64S7;
				ENABLE_PREVIEWS = YES;
				GENERATE_INFOPLIST_FILE = YES;
				INFOPLIST_FILE = Restart/Info.plist;
				INFOPLIST_KEY_UIApplicationSceneManifest_Generation = YES;
				INFOPLIST_KEY_UIApplicationSupportsIndirectInputEvents = YES;
				INFOPLIST_KEY_UISupportedInterfaceOrientations = UIInterfaceOrientationPortrait;
				INFOPLIST_KEY_UISupportedInterfaceOrientations_iPad = "UIInterfaceOrientationPortrait UIInterfaceOrientationPortraitUpsideDown UIInterfaceOrientationLandscapeLeft UIInterfaceOrientationLandscapeRight";
				INFOPLIST_KEY_UISupportedInterfaceOrientations_iPhone = UIInterfaceOrientationPortrait;
				IPHONEOS_DEPLOYMENT_TARGET = 15.0;
				LD_RUNPATH_SEARCH_PATHS = (
					"$(inherited)",
					"@executable_path/Frameworks",
				);
				MARKETING_VERSION = 1.0;
				PRODUCT_BUNDLE_IDENTIFIER = com.innovation.Restart;
				PRODUCT_NAME = "$(TARGET_NAME)";
				SWIFT_EMIT_LOC_STRINGS = YES;
				SWIFT_VERSION = 5.0;
				TARGETED_DEVICE_FAMILY = "1,2";
			};
			name = Debug;
		};
		81D4DE452897AB1D0047522A /* Release */ = {
			isa = XCBuildConfiguration;
			buildSettings = {
				ASSETCATALOG_COMPILER_APPICON_NAME = AppIcon;
				ASSETCATALOG_COMPILER_GLOBAL_ACCENT_COLOR_NAME = AccentColor;
				CODE_SIGN_STYLE = Automatic;
				CURRENT_PROJECT_VERSION = 1;
				DEVELOPMENT_ASSET_PATHS = "\"Restart/Preview Content\"";
				DEVELOPMENT_TEAM = P3938J64S7;
				ENABLE_PREVIEWS = YES;
				GENERATE_INFOPLIST_FILE = YES;
				INFOPLIST_FILE = Restart/Info.plist;
				INFOPLIST_KEY_UIApplicationSceneManifest_Generation = YES;
				INFOPLIST_KEY_UIApplicationSupportsIndirectInputEvents = YES;
				INFOPLIST_KEY_UISupportedInterfaceOrientations = UIInterfaceOrientationPortrait;
				INFOPLIST_KEY_UISupportedInterfaceOrientations_iPad = "UIInterfaceOrientationPortrait UIInterfaceOrientationPortraitUpsideDown UIInterfaceOrientationLandscapeLeft UIInterfaceOrientationLandscapeRight";
				INFOPLIST_KEY_UISupportedInterfaceOrientations_iPhone = UIInterfaceOrientationPortrait;
				IPHONEOS_DEPLOYMENT_TARGET = 15.0;
				LD_RUNPATH_SEARCH_PATHS = (
					"$(inherited)",
					"@executable_path/Frameworks",
				);
				MARKETING_VERSION = 1.0;
				PRODUCT_BUNDLE_IDENTIFIER = com.innovation.Restart;
				PRODUCT_NAME = "$(TARGET_NAME)";
				SWIFT_EMIT_LOC_STRINGS = YES;
				SWIFT_VERSION = 5.0;
				TARGETED_DEVICE_FAMILY = "1,2";
			};
			name = Release;
		};
/* End XCBuildConfiguration section */

/* Begin XCConfigurationList section */
		81D4DE302897AB1B0047522A /* Build configuration list for PBXProject "Restart" */ = {
			isa = XCConfigurationList;
			buildConfigurations = (
				81D4DE412897AB1D0047522A /* Debug */,
				81D4DE422897AB1D0047522A /* Release */,
			);
			defaultConfigurationIsVisible = 0;
			defaultConfigurationName = Release;
		};
		81D4DE432897AB1D0047522A /* Build configuration list for PBXNativeTarget "Restart" */ = {
			isa = XCConfigurationList;
			buildConfigurations = (
				81D4DE442897AB1D0047522A /* Debug */,
				81D4DE452897AB1D0047522A /* Release */,
			);
			defaultConfigurationIsVisible = 0;
			defaultConfigurationName = Release;
		};
/* End XCConfigurationList section */
	};
	rootObject = 81D4DE2D2897AB1B0047522A /* Project object */;
}
